
Microsoft Visual Studio Solution File, Format Version 12.00
# Visual Studio 14
VisualStudioVersion = 14.0.24720.0
MinimumVisualStudioVersion = 10.0.40219.1
Project("{FAE04EC0-301F-11D3-BF4B-00C04F79EFBC}") = "Hackaton", "Hackaton\Hackaton.csproj", "{9ABFBF11-27FA-4AF2-B53A-ACBE089C277B}"
	ProjectSection(ProjectDependencies) = postProject
		{22058A2D-29F8-4DBF-BE04-8CC55B5E63EB} = {22058A2D-29F8-4DBF-BE04-8CC55B5E63EB}
	EndProjectSection
EndProject
Project("{FAE04EC0-301F-11D3-BF4B-00C04F79EFBC}") = "Hackaton.DataAccess", "Hackaton.DataAccess\Hackaton.DataAccess.csproj", "{22058A2D-29F8-4DBF-BE04-8CC55B5E63EB}"
EndProject
Project("{2150E333-8FDC-42A3-9474-1A3956D46DE8}") = "Solution Items", "Solution Items", "{0133F7C3-4B73-4C5F-87EB-68BA55B6E241}"
	ProjectSection(SolutionItems) = preProject
		startbootstrap-grayscale-gh-pages.zip = startbootstrap-grayscale-gh-pages.zip
	EndProjectSection
EndProject
Global
	GlobalSection(SolutionConfigurationPlatforms) = preSolution
		Debug|Any CPU = Debug|Any CPU
		Release|Any CPU = Release|Any CPU
	EndGlobalSection
	GlobalSection(ProjectConfigurationPlatforms) = postSolution
		{9ABFBF11-27FA-4AF2-B53A-ACBE089C277B}.Debug|Any CPU.ActiveCfg = Debug|Any CPU
		{9ABFBF11-27FA-4AF2-B53A-ACBE089C277B}.Debug|Any CPU.Build.0 = Debug|Any CPU
		{9ABFBF11-27FA-4AF2-B53A-ACBE089C277B}.Release|Any CPU.ActiveCfg = Release|Any CPU
		{9ABFBF11-27FA-4AF2-B53A-ACBE089C277B}.Release|Any CPU.Build.0 = Release|Any CPU
		{22058A2D-29F8-4DBF-BE04-8CC55B5E63EB}.Debug|Any CPU.ActiveCfg = Debug|Any CPU
		{22058A2D-29F8-4DBF-BE04-8CC55B5E63EB}.Debug|Any CPU.Build.0 = Debug|Any CPU
		{22058A2D-29F8-4DBF-BE04-8CC55B5E63EB}.Release|Any CPU.ActiveCfg = Release|Any CPU
		{22058A2D-29F8-4DBF-BE04-8CC55B5E63EB}.Release|Any CPU.Build.0 = Release|Any CPU
	EndGlobalSection
	GlobalSection(SolutionProperties) = preSolution
		HideSolutionNode = FALSE
	EndGlobalSection
EndGlobal
