
Microsoft Visual Studio Solution File, Format Version 12.00
# Visual Studio 14
VisualStudioVersion = 14.0.23107.0
MinimumVisualStudioVersion = 10.0.40219.1
Project("{FAE04EC0-301F-11D3-BF4B-00C04F79EFBC}") = "Hackaton", "Hackaton\Hackaton.csproj", "{9ABFBF11-27FA-4AF2-B53A-ACBE089C277B}"
EndProject
Project("{FAE04EC0-301F-11D3-BF4B-00C04F79EFBC}") = "Hackaton.DataAccess", "Hackaton.DataAccess\Hackaton.DataAccess.csproj", "{22058A2D-29F8-4DBF-BE04-8CC55B5E63EB}"
EndProject
Global
	GlobalSection(SolutionConfigurationPlatforms) = preSolution
		Debug|Any CPU = Debug|Any CPU
		Release|Any CPU = Release|Any CPU
	EndGlobalSection
	GlobalSection(ProjectConfigurationPlatforms) = postSolution
		{9ABFBF11-27FA-4AF2-B53A-ACBE089C277B}.Debug|Any CPU.ActiveCfg = Debug|Any CPU
		{9ABFBF11-27FA-4AF2-B53A-ACBE089C277B}.Debug|Any CPU.Build.0 = Debug|Any CPU
		{9ABFBF11-27FA-4AF2-B53A-ACBE089C277B}.Release|Any CPU.ActiveCfg = Release|Any CPU
		{9ABFBF11-27FA-4AF2-B53A-ACBE089C277B}.Release|Any CPU.Build.0 = Release|Any CPU
		{22058A2D-29F8-4DBF-BE04-8CC55B5E63EB}.Debug|Any CPU.ActiveCfg = Debug|Any CPU
		{22058A2D-29F8-4DBF-BE04-8CC55B5E63EB}.Debug|Any CPU.Build.0 = Debug|Any CPU
		{22058A2D-29F8-4DBF-BE04-8CC55B5E63EB}.Release|Any CPU.ActiveCfg = Release|Any CPU
		{22058A2D-29F8-4DBF-BE04-8CC55B5E63EB}.Release|Any CPU.Build.0 = Release|Any CPU
	EndGlobalSection
	GlobalSection(SolutionProperties) = preSolution
		HideSolutionNode = FALSE
	EndGlobalSection
EndGlobal
